
Microsoft Visual Studio Solution File, Format Version 12.00
# Visual Studio Version 16
VisualStudioVersion = 16.0.30611.23
MinimumVisualStudioVersion = 10.0.40219.1
Project("{FAE04EC0-301F-11D3-BF4B-00C04F79EFBC}") = "Create-List-WPF", "Create-List-WPF\Create-List-WPF.csproj", "{32D3AB54-657D-40BF-869B-5B92E076E75F}"
EndProject
Global
	GlobalSection(SolutionConfigurationPlatforms) = preSolution
		Debug|Any CPU = Debug|Any CPU
		Release|Any CPU = Release|Any CPU
	EndGlobalSection
	GlobalSection(ProjectConfigurationPlatforms) = postSolution
		{32D3AB54-657D-40BF-869B-5B92E076E75F}.Debug|Any CPU.ActiveCfg = Debug|Any CPU
		{32D3AB54-657D-40BF-869B-5B92E076E75F}.Debug|Any CPU.Build.0 = Debug|Any CPU
		{32D3AB54-657D-40BF-869B-5B92E076E75F}.Release|Any CPU.ActiveCfg = Release|Any CPU
		{32D3AB54-657D-40BF-869B-5B92E076E75F}.Release|Any CPU.Build.0 = Release|Any CPU
	EndGlobalSection
	GlobalSection(SolutionProperties) = preSolution
		HideSolutionNode = FALSE
	EndGlobalSection
	GlobalSection(ExtensibilityGlobals) = postSolution
		SolutionGuid = {AC808A86-D0AB-424F-8713-3D185DEC40DD}
	EndGlobalSection
EndGlobal
